
Microsoft Visual Studio Solution File, Format Version 12.00
# Visual Studio Version 16
VisualStudioVersion = 16.0.33130.400
MinimumVisualStudioVersion = 10.0.40219.1
Project("{FAE04EC0-301F-11D3-BF4B-00C04F79EFBC}") = "zip codes", "zip codes\zip codes.csproj", "{494FFE61-495E-41B1-90CE-1C066181C8AD}"
EndProject
Global
	GlobalSection(SolutionConfigurationPlatforms) = preSolution
		Debug|Any CPU = Debug|Any CPU
		Release|Any CPU = Release|Any CPU
	EndGlobalSection
	GlobalSection(ProjectConfigurationPlatforms) = postSolution
		{494FFE61-495E-41B1-90CE-1C066181C8AD}.Debug|Any CPU.ActiveCfg = Debug|Any CPU
		{494FFE61-495E-41B1-90CE-1C066181C8AD}.Debug|Any CPU.Build.0 = Debug|Any CPU
		{494FFE61-495E-41B1-90CE-1C066181C8AD}.Release|Any CPU.ActiveCfg = Release|Any CPU
		{494FFE61-495E-41B1-90CE-1C066181C8AD}.Release|Any CPU.Build.0 = Release|Any CPU
	EndGlobalSection
	GlobalSection(SolutionProperties) = preSolution
		HideSolutionNode = FALSE
	EndGlobalSection
	GlobalSection(ExtensibilityGlobals) = postSolution
		SolutionGuid = {C281C027-9E05-4593-8EAB-5102FF3CDA5C}
	EndGlobalSection
EndGlobal
